
Microsoft Visual Studio Solution File, Format Version 12.00
# Visual Studio Version 16
VisualStudioVersion = 16.0.29424.173
MinimumVisualStudioVersion = 10.0.40219.1
Project("{8BC9CEB8-8B4A-11D0-8D11-00A0C91BC942}") = "TestHNN", "TestHNN\TestHNN.vcxproj", "{699AF0C5-88E9-421D-877C-E4455778BFA5}"
EndProject
Project("{8BC9CEB8-8B4A-11D0-8D11-00A0C91BC942}") = "GenerateInputs", "GenerateInputs\GenerateInputs.vcxproj", "{3D108AFE-BF88-4D36-9876-A39C7CCBD7EE}"
EndProject
Global
	GlobalSection(SolutionConfigurationPlatforms) = preSolution
		Debug|x64 = Debug|x64
		Debug|x86 = Debug|x86
		Release|x64 = Release|x64
		Release|x86 = Release|x86
	EndGlobalSection
	GlobalSection(ProjectConfigurationPlatforms) = postSolution
		{699AF0C5-88E9-421D-877C-E4455778BFA5}.Debug|x64.ActiveCfg = Debug|x64
		{699AF0C5-88E9-421D-877C-E4455778BFA5}.Debug|x64.Build.0 = Debug|x64
		{699AF0C5-88E9-421D-877C-E4455778BFA5}.Debug|x86.ActiveCfg = Debug|Win32
		{699AF0C5-88E9-421D-877C-E4455778BFA5}.Debug|x86.Build.0 = Debug|Win32
		{699AF0C5-88E9-421D-877C-E4455778BFA5}.Release|x64.ActiveCfg = Release|x64
		{699AF0C5-88E9-421D-877C-E4455778BFA5}.Release|x64.Build.0 = Release|x64
		{699AF0C5-88E9-421D-877C-E4455778BFA5}.Release|x86.ActiveCfg = Release|Win32
		{699AF0C5-88E9-421D-877C-E4455778BFA5}.Release|x86.Build.0 = Release|Win32
		{3D108AFE-BF88-4D36-9876-A39C7CCBD7EE}.Debug|x64.ActiveCfg = Debug|x64
		{3D108AFE-BF88-4D36-9876-A39C7CCBD7EE}.Debug|x64.Build.0 = Debug|x64
		{3D108AFE-BF88-4D36-9876-A39C7CCBD7EE}.Debug|x86.ActiveCfg = Debug|Win32
		{3D108AFE-BF88-4D36-9876-A39C7CCBD7EE}.Debug|x86.Build.0 = Debug|Win32
		{3D108AFE-BF88-4D36-9876-A39C7CCBD7EE}.Release|x64.ActiveCfg = Release|x64
		{3D108AFE-BF88-4D36-9876-A39C7CCBD7EE}.Release|x64.Build.0 = Release|x64
		{3D108AFE-BF88-4D36-9876-A39C7CCBD7EE}.Release|x86.ActiveCfg = Release|Win32
		{3D108AFE-BF88-4D36-9876-A39C7CCBD7EE}.Release|x86.Build.0 = Release|Win32
	EndGlobalSection
	GlobalSection(SolutionProperties) = preSolution
		HideSolutionNode = FALSE
	EndGlobalSection
	GlobalSection(ExtensibilityGlobals) = postSolution
		SolutionGuid = {EC2F7B40-4F28-4C63-AF2F-F3B36C3EE0F1}
	EndGlobalSection
EndGlobal
